// !$*UTF8*$!
{
	archiveVersion = 1;
	classes = {
	};
	objectVersion = 56;
	objects = {

/* Begin PBXBuildFile section */
		182CF4CF2AC16744005C8A66 /* SplashScreen.swift in Sources */ = {isa = PBXBuildFile; fileRef = 182CF4CE2AC16744005C8A66 /* SplashScreen.swift */; };
		182CF4D62AC192A8005C8A66 /* SFPRODISPLAYREGULAR.OTF in Resources */ = {isa = PBXBuildFile; fileRef = 182CF4D52AC19290005C8A66 /* SFPRODISPLAYREGULAR.OTF */; };
		182CF4D72AC192AB005C8A66 /* SF-Pro-Text-Regular.otf in Resources */ = {isa = PBXBuildFile; fileRef = 182CF4D42AC19276005C8A66 /* SF-Pro-Text-Regular.otf */; };
		182CF4DF2AC1A254005C8A66 /* ImageOnCircle.swift in Sources */ = {isa = PBXBuildFile; fileRef = 182CF4DE2AC1A254005C8A66 /* ImageOnCircle.swift */; };
		182CF4E12AC1A44A005C8A66 /* CategoriesView.swift in Sources */ = {isa = PBXBuildFile; fileRef = 182CF4E02AC1A44A005C8A66 /* CategoriesView.swift */; };
		182CF4E32AC1A46C005C8A66 /* CheckoutView.swift in Sources */ = {isa = PBXBuildFile; fileRef = 182CF4E22AC1A46C005C8A66 /* CheckoutView.swift */; };
		182CF4E52AC1A484005C8A66 /* Payment.swift in Sources */ = {isa = PBXBuildFile; fileRef = 182CF4E42AC1A484005C8A66 /* Payment.swift */; };
		182CF4E72AC1A5E5005C8A66 /* MainView.swift in Sources */ = {isa = PBXBuildFile; fileRef = 182CF4E62AC1A5E5005C8A66 /* MainView.swift */; };
		182CF4F92AC2F603005C8A66 /* VegetablesView.swift in Sources */ = {isa = PBXBuildFile; fileRef = 182CF4F82AC2F603005C8A66 /* VegetablesView.swift */; };
		182CF4FB2AC2FCA5005C8A66 /* GridColumn.swift in Sources */ = {isa = PBXBuildFile; fileRef = 182CF4FA2AC2FCA5005C8A66 /* GridColumn.swift */; };
		182CF4FD2AC3E32C005C8A66 /* GridCell.swift in Sources */ = {isa = PBXBuildFile; fileRef = 182CF4FC2AC3E32C005C8A66 /* GridCell.swift */; };
		182CF5052AC42A02005C8A66 /* ChipContainerView.swift in Sources */ = {isa = PBXBuildFile; fileRef = 182CF5032AC42A01005C8A66 /* ChipContainerView.swift */; };
		182CF5062AC42A02005C8A66 /* ChipView.swift in Sources */ = {isa = PBXBuildFile; fileRef = 182CF5042AC42A01005C8A66 /* ChipView.swift */; };
		18458FC32AC15FB2000C28D8 /* Delivery_AppApp.swift in Sources */ = {isa = PBXBuildFile; fileRef = 18458FC22AC15FB2000C28D8 /* Delivery_AppApp.swift */; };
		18458FCA2AC15FB5000C28D8 /* Preview Assets.xcassets in Resources */ = {isa = PBXBuildFile; fileRef = 18458FC92AC15FB5000C28D8 /* Preview Assets.xcassets */; };
		186D88032AC541310058A4A4 /* LoginView.swift in Sources */ = {isa = PBXBuildFile; fileRef = 186D88022AC541310058A4A4 /* LoginView.swift */; };
		188CDD742AC4414C00A05361 /* ItemView.swift in Sources */ = {isa = PBXBuildFile; fileRef = 188CDD732AC4414C00A05361 /* ItemView.swift */; };
		188CDD762AC4517A00A05361 /* ImageSlider.swift in Sources */ = {isa = PBXBuildFile; fileRef = 188CDD752AC4517A00A05361 /* ImageSlider.swift */; };
		18E6BD0D2AC5746C008CFAAD /* LoginModel.swift in Sources */ = {isa = PBXBuildFile; fileRef = 18E6BD0C2AC5746C008CFAAD /* LoginModel.swift */; };
		18E6BD102AC574D9008CFAAD /* CategoriesModel.swift in Sources */ = {isa = PBXBuildFile; fileRef = 18E6BD0F2AC574D9008CFAAD /* CategoriesModel.swift */; };
		18E6BD132AC576BA008CFAAD /* CategoriesDetailsModel.swift in Sources */ = {isa = PBXBuildFile; fileRef = 18E6BD122AC576BA008CFAAD /* CategoriesDetailsModel.swift */; };
		18E6BD182AC584D9008CFAAD /* NetworkManager.swift in Sources */ = {isa = PBXBuildFile; fileRef = 18E6BD172AC584D9008CFAAD /* NetworkManager.swift */; };
		18E6BD1C2AC585B1008CFAAD /* NetworkHelper.swift in Sources */ = {isa = PBXBuildFile; fileRef = 18E6BD1B2AC585B1008CFAAD /* NetworkHelper.swift */; };
		18E6BD1E2AC588B8008CFAAD /* Networking.swift in Sources */ = {isa = PBXBuildFile; fileRef = 18E6BD1D2AC588B8008CFAAD /* Networking.swift */; };
		18E6BD222AC5B890008CFAAD /* GridView.swift in Sources */ = {isa = PBXBuildFile; fileRef = 18E6BD212AC5B890008CFAAD /* GridView.swift */; };
		18E6BD242AC5C0D9008CFAAD /* ProductListCell.swift in Sources */ = {isa = PBXBuildFile; fileRef = 18E6BD232AC5C0D9008CFAAD /* ProductListCell.swift */; };
		18E6BD282AC5E0C7008CFAAD /* ProductList.swift in Sources */ = {isa = PBXBuildFile; fileRef = 18E6BD272AC5E0C7008CFAAD /* ProductList.swift */; };
		18E6BD362AC6D098008CFAAD /* AppConstant.swift in Sources */ = {isa = PBXBuildFile; fileRef = 18E6BD352AC6D098008CFAAD /* AppConstant.swift */; };
		18E6BD3A2AC6D0CF008CFAAD /* Reachability.swift in Sources */ = {isa = PBXBuildFile; fileRef = 18E6BD392AC6D0CE008CFAAD /* Reachability.swift */; };
		18E6BD3E2AC6D0F3008CFAAD /* Assets.xcassets in Resources */ = {isa = PBXBuildFile; fileRef = 18E6BD3C2AC6D0F3008CFAAD /* Assets.xcassets */; };
		18E6BD422AC6D113008CFAAD /* ChipModel.swift in Sources */ = {isa = PBXBuildFile; fileRef = 18E6BD412AC6D112008CFAAD /* ChipModel.swift */; };
		18E6BD442AC6D267008CFAAD /* NetworkImage.swift in Sources */ = {isa = PBXBuildFile; fileRef = 18E6BD432AC6D267008CFAAD /* NetworkImage.swift */; };
		18E6BD4B2AC6D2D5008CFAAD /* CategoriesViewModel.swift in Sources */ = {isa = PBXBuildFile; fileRef = 18E6BD462AC6D2D4008CFAAD /* CategoriesViewModel.swift */; };
		18E6BD4C2AC6D2D5008CFAAD /* CategoryDetailViewModel.swift in Sources */ = {isa = PBXBuildFile; fileRef = 18E6BD482AC6D2D5008CFAAD /* CategoryDetailViewModel.swift */; };
		18E6BD4D2AC6D2D5008CFAAD /* LoginViewModel.swift in Sources */ = {isa = PBXBuildFile; fileRef = 18E6BD4A2AC6D2D5008CFAAD /* LoginViewModel.swift */; };
/* End PBXBuildFile section */

/* Begin PBXFileReference section */
		182CF4CE2AC16744005C8A66 /* SplashScreen.swift */ = {isa = PBXFileReference; lastKnownFileType = sourcecode.swift; path = SplashScreen.swift; sourceTree = "<group>"; };
		182CF4D42AC19276005C8A66 /* SF-Pro-Text-Regular.otf */ = {isa = PBXFileReference; lastKnownFileType = file; path = "SF-Pro-Text-Regular.otf"; sourceTree = "<group>"; };
		182CF4D52AC19290005C8A66 /* SFPRODISPLAYREGULAR.OTF */ = {isa = PBXFileReference; lastKnownFileType = file; path = SFPRODISPLAYREGULAR.OTF; sourceTree = "<group>"; };
		182CF4DE2AC1A254005C8A66 /* ImageOnCircle.swift */ = {isa = PBXFileReference; lastKnownFileType = sourcecode.swift; path = ImageOnCircle.swift; sourceTree = "<group>"; };
		182CF4E02AC1A44A005C8A66 /* CategoriesView.swift */ = {isa = PBXFileReference; lastKnownFileType = sourcecode.swift; path = CategoriesView.swift; sourceTree = "<group>"; };
		182CF4E22AC1A46C005C8A66 /* CheckoutView.swift */ = {isa = PBXFileReference; lastKnownFileType = sourcecode.swift; path = CheckoutView.swift; sourceTree = "<group>"; };
		182CF4E42AC1A484005C8A66 /* Payment.swift */ = {isa = PBXFileReference; lastKnownFileType = sourcecode.swift; path = Payment.swift; sourceTree = "<group>"; };
		182CF4E62AC1A5E5005C8A66 /* MainView.swift */ = {isa = PBXFileReference; lastKnownFileType = sourcecode.swift; path = MainView.swift; sourceTree = "<group>"; };
		182CF4F82AC2F603005C8A66 /* VegetablesView.swift */ = {isa = PBXFileReference; lastKnownFileType = sourcecode.swift; path = VegetablesView.swift; sourceTree = "<group>"; };
		182CF4FA2AC2FCA5005C8A66 /* GridColumn.swift */ = {isa = PBXFileReference; lastKnownFileType = sourcecode.swift; path = GridColumn.swift; sourceTree = "<group>"; };
		182CF4FC2AC3E32C005C8A66 /* GridCell.swift */ = {isa = PBXFileReference; lastKnownFileType = sourcecode.swift; path = GridCell.swift; sourceTree = "<group>"; };
		182CF5032AC42A01005C8A66 /* ChipContainerView.swift */ = {isa = PBXFileReference; fileEncoding = 4; lastKnownFileType = sourcecode.swift; path = ChipContainerView.swift; sourceTree = "<group>"; };
		182CF5042AC42A01005C8A66 /* ChipView.swift */ = {isa = PBXFileReference; fileEncoding = 4; lastKnownFileType = sourcecode.swift; path = ChipView.swift; sourceTree = "<group>"; };
		18458FBF2AC15FB2000C28D8 /* Delivery App.app */ = {isa = PBXFileReference; explicitFileType = wrapper.application; includeInIndex = 0; path = "Delivery App.app"; sourceTree = BUILT_PRODUCTS_DIR; };
		18458FC22AC15FB2000C28D8 /* Delivery_AppApp.swift */ = {isa = PBXFileReference; lastKnownFileType = sourcecode.swift; path = Delivery_AppApp.swift; sourceTree = "<group>"; };
		18458FC92AC15FB5000C28D8 /* Preview Assets.xcassets */ = {isa = PBXFileReference; lastKnownFileType = folder.assetcatalog; path = "Preview Assets.xcassets"; sourceTree = "<group>"; };
		186D88022AC541310058A4A4 /* LoginView.swift */ = {isa = PBXFileReference; lastKnownFileType = sourcecode.swift; path = LoginView.swift; sourceTree = "<group>"; };
		188CDD732AC4414C00A05361 /* ItemView.swift */ = {isa = PBXFileReference; lastKnownFileType = sourcecode.swift; path = ItemView.swift; sourceTree = "<group>"; };
		188CDD752AC4517A00A05361 /* ImageSlider.swift */ = {isa = PBXFileReference; lastKnownFileType = sourcecode.swift; path = ImageSlider.swift; sourceTree = "<group>"; };
		18E6BD0C2AC5746C008CFAAD /* LoginModel.swift */ = {isa = PBXFileReference; lastKnownFileType = sourcecode.swift; path = LoginModel.swift; sourceTree = "<group>"; };
		18E6BD0F2AC574D9008CFAAD /* CategoriesModel.swift */ = {isa = PBXFileReference; lastKnownFileType = sourcecode.swift; path = CategoriesModel.swift; sourceTree = "<group>"; };
		18E6BD122AC576BA008CFAAD /* CategoriesDetailsModel.swift */ = {isa = PBXFileReference; lastKnownFileType = sourcecode.swift; path = CategoriesDetailsModel.swift; sourceTree = "<group>"; };
		18E6BD172AC584D9008CFAAD /* NetworkManager.swift */ = {isa = PBXFileReference; lastKnownFileType = sourcecode.swift; path = NetworkManager.swift; sourceTree = "<group>"; };
		18E6BD1B2AC585B1008CFAAD /* NetworkHelper.swift */ = {isa = PBXFileReference; lastKnownFileType = sourcecode.swift; path = NetworkHelper.swift; sourceTree = "<group>"; };
		18E6BD1D2AC588B8008CFAAD /* Networking.swift */ = {isa = PBXFileReference; lastKnownFileType = sourcecode.swift; path = Networking.swift; sourceTree = "<group>"; };
		18E6BD212AC5B890008CFAAD /* GridView.swift */ = {isa = PBXFileReference; lastKnownFileType = sourcecode.swift; path = GridView.swift; sourceTree = "<group>"; };
		18E6BD232AC5C0D9008CFAAD /* ProductListCell.swift */ = {isa = PBXFileReference; lastKnownFileType = sourcecode.swift; path = ProductListCell.swift; sourceTree = "<group>"; };
		18E6BD272AC5E0C7008CFAAD /* ProductList.swift */ = {isa = PBXFileReference; lastKnownFileType = sourcecode.swift; path = ProductList.swift; sourceTree = "<group>"; };
		18E6BD352AC6D098008CFAAD /* AppConstant.swift */ = {isa = PBXFileReference; fileEncoding = 4; lastKnownFileType = sourcecode.swift; name = AppConstant.swift; path = "Delivery App/Constants/AppConstant.swift"; sourceTree = SOURCE_ROOT; };
		18E6BD392AC6D0CE008CFAAD /* Reachability.swift */ = {isa = PBXFileReference; fileEncoding = 4; lastKnownFileType = sourcecode.swift; path = Reachability.swift; sourceTree = "<group>"; };
		18E6BD3C2AC6D0F3008CFAAD /* Assets.xcassets */ = {isa = PBXFileReference; lastKnownFileType = folder.assetcatalog; path = Assets.xcassets; sourceTree = "<group>"; };
		18E6BD3D2AC6D0F3008CFAAD /* Delivery-App-Info.plist */ = {isa = PBXFileReference; fileEncoding = 4; lastKnownFileType = text.plist.xml; path = "Delivery-App-Info.plist"; sourceTree = "<group>"; };
		18E6BD412AC6D112008CFAAD /* ChipModel.swift */ = {isa = PBXFileReference; fileEncoding = 4; lastKnownFileType = sourcecode.swift; path = ChipModel.swift; sourceTree = "<group>"; };
		18E6BD432AC6D267008CFAAD /* NetworkImage.swift */ = {isa = PBXFileReference; fileEncoding = 4; lastKnownFileType = sourcecode.swift; path = NetworkImage.swift; sourceTree = "<group>"; };
		18E6BD462AC6D2D4008CFAAD /* CategoriesViewModel.swift */ = {isa = PBXFileReference; fileEncoding = 4; lastKnownFileType = sourcecode.swift; path = CategoriesViewModel.swift; sourceTree = "<group>"; };
		18E6BD482AC6D2D5008CFAAD /* CategoryDetailViewModel.swift */ = {isa = PBXFileReference; fileEncoding = 4; lastKnownFileType = sourcecode.swift; path = CategoryDetailViewModel.swift; sourceTree = "<group>"; };
		18E6BD4A2AC6D2D5008CFAAD /* LoginViewModel.swift */ = {isa = PBXFileReference; fileEncoding = 4; lastKnownFileType = sourcecode.swift; path = LoginViewModel.swift; sourceTree = "<group>"; };
/* End PBXFileReference section */

/* Begin PBXFrameworksBuildPhase section */
		18458FBC2AC15FB2000C28D8 /* Frameworks */ = {
			isa = PBXFrameworksBuildPhase;
			buildActionMask = 2147483647;
			files = (
			);
			runOnlyForDeploymentPostprocessing = 0;
		};
/* End PBXFrameworksBuildPhase section */

/* Begin PBXGroup section */
		182CF4D32AC19159005C8A66 /* Fonts */ = {
			isa = PBXGroup;
			children = (
				182CF4D52AC19290005C8A66 /* SFPRODISPLAYREGULAR.OTF */,
				182CF4D42AC19276005C8A66 /* SF-Pro-Text-Regular.otf */,
			);
			path = Fonts;
			sourceTree = "<group>";
		};
		182CF4D92AC19D92005C8A66 /* Reusable */ = {
			isa = PBXGroup;
			children = (
				18E6BD432AC6D267008CFAAD /* NetworkImage.swift */,
				182CF4DE2AC1A254005C8A66 /* ImageOnCircle.swift */,
				188CDD752AC4517A00A05361 /* ImageSlider.swift */,
				18E6BD232AC5C0D9008CFAAD /* ProductListCell.swift */,
				18E6BD272AC5E0C7008CFAAD /* ProductList.swift */,
				182CF5022AC429F1005C8A66 /* Chip */,
				182CF4FE2AC3FBC1005C8A66 /* Grid */,
			);
			path = Reusable;
			sourceTree = "<group>";
		};
		182CF4E82AC29B1C005C8A66 /* View */ = {
			isa = PBXGroup;
			children = (
				182CF4CE2AC16744005C8A66 /* SplashScreen.swift */,
				186D88022AC541310058A4A4 /* LoginView.swift */,
				182CF4E62AC1A5E5005C8A66 /* MainView.swift */,
				182CF4E02AC1A44A005C8A66 /* CategoriesView.swift */,
				182CF4F82AC2F603005C8A66 /* VegetablesView.swift */,
				188CDD732AC4414C00A05361 /* ItemView.swift */,
				182CF4E22AC1A46C005C8A66 /* CheckoutView.swift */,
				182CF4E42AC1A484005C8A66 /* Payment.swift */,
			);
			path = View;
			sourceTree = "<group>";
		};
		182CF4F52AC2E97D005C8A66 /* Model */ = {
			isa = PBXGroup;
			children = (
				18E6BD402AC6D112008CFAAD /* Chip */,
				18E6BD112AC57689008CFAAD /* CategoryDetailsModel */,
				18E6BD0E2AC574BF008CFAAD /* CategoriesModel */,
				18E6BD0B2AC57458008CFAAD /* Login */,
			);
			path = Model;
			sourceTree = "<group>";
		};
		182CF4FE2AC3FBC1005C8A66 /* Grid */ = {
			isa = PBXGroup;
			children = (
				182CF4FA2AC2FCA5005C8A66 /* GridColumn.swift */,
				182CF4FC2AC3E32C005C8A66 /* GridCell.swift */,
				18E6BD212AC5B890008CFAAD /* GridView.swift */,
			);
			path = Grid;
			sourceTree = "<group>";
		};
		182CF5022AC429F1005C8A66 /* Chip */ = {
			isa = PBXGroup;
			children = (
				182CF5032AC42A01005C8A66 /* ChipContainerView.swift */,
				182CF5042AC42A01005C8A66 /* ChipView.swift */,
			);
			path = Chip;
			sourceTree = "<group>";
		};
		182CF5072AC42A1A005C8A66 /* ViewModel */ = {
			isa = PBXGroup;
			children = (
				18E6BD452AC6D2D4008CFAAD /* Categories */,
				18E6BD492AC6D2D5008CFAAD /* Login */,
				18E6BD472AC6D2D5008CFAAD /* Products */,
			);
			path = ViewModel;
			sourceTree = "<group>";
		};
		18458FB62AC15FB2000C28D8 = {
			isa = PBXGroup;
			children = (
				18458FC12AC15FB2000C28D8 /* Delivery App */,
				18458FC02AC15FB2000C28D8 /* Products */,
			);
			sourceTree = "<group>";
		};
		18458FC02AC15FB2000C28D8 /* Products */ = {
			isa = PBXGroup;
			children = (
				18458FBF2AC15FB2000C28D8 /* Delivery App.app */,
			);
			name = Products;
			sourceTree = "<group>";
		};
		18458FC12AC15FB2000C28D8 /* Delivery App */ = {
			isa = PBXGroup;
			children = (
				18458FC22AC15FB2000C28D8 /* Delivery_AppApp.swift */,
				18E6BD3B2AC6D0F3008CFAAD /* SupportingFiles */,
				18E6BD342AC6D089008CFAAD /* Common */,
				18E6BD162AC58448008CFAAD /* Networking */,
				182CF5072AC42A1A005C8A66 /* ViewModel */,
				182CF4F52AC2E97D005C8A66 /* Model */,
				182CF4E82AC29B1C005C8A66 /* View */,
				182CF4D92AC19D92005C8A66 /* Reusable */,
				182CF4D32AC19159005C8A66 /* Fonts */,
				18458FC82AC15FB5000C28D8 /* Preview Content */,
			);
			path = "Delivery App";
			sourceTree = "<group>";
		};
		18458FC82AC15FB5000C28D8 /* Preview Content */ = {
			isa = PBXGroup;
			children = (
				18458FC92AC15FB5000C28D8 /* Preview Assets.xcassets */,
			);
			path = "Preview Content";
			sourceTree = "<group>";
		};
		18E6BD0B2AC57458008CFAAD /* Login */ = {
			isa = PBXGroup;
			children = (
				18E6BD0C2AC5746C008CFAAD /* LoginModel.swift */,
			);
			path = Login;
			sourceTree = "<group>";
		};
		18E6BD0E2AC574BF008CFAAD /* CategoriesModel */ = {
			isa = PBXGroup;
			children = (
				18E6BD0F2AC574D9008CFAAD /* CategoriesModel.swift */,
			);
			path = CategoriesModel;
			sourceTree = "<group>";
		};
		18E6BD112AC57689008CFAAD /* CategoryDetailsModel */ = {
			isa = PBXGroup;
			children = (
				18E6BD122AC576BA008CFAAD /* CategoriesDetailsModel.swift */,
			);
			path = CategoryDetailsModel;
			sourceTree = "<group>";
		};
		18E6BD162AC58448008CFAAD /* Networking */ = {
			isa = PBXGroup;
			children = (
				18E6BD382AC6D0CE008CFAAD /* Rechability */,
				18E6BD172AC584D9008CFAAD /* NetworkManager.swift */,
				18E6BD1B2AC585B1008CFAAD /* NetworkHelper.swift */,
				18E6BD1D2AC588B8008CFAAD /* Networking.swift */,
			);
			path = Networking;
			sourceTree = "<group>";
		};
		18E6BD342AC6D089008CFAAD /* Common */ = {
			isa = PBXGroup;
			children = (
				18E6BD352AC6D098008CFAAD /* AppConstant.swift */,
			);
			path = Common;
			sourceTree = "<group>";
		};
		18E6BD382AC6D0CE008CFAAD /* Rechability */ = {
			isa = PBXGroup;
			children = (
				18E6BD392AC6D0CE008CFAAD /* Reachability.swift */,
			);
			path = Rechability;
			sourceTree = "<group>";
		};
		18E6BD3B2AC6D0F3008CFAAD /* SupportingFiles */ = {
			isa = PBXGroup;
			children = (
				18E6BD3D2AC6D0F3008CFAAD /* Delivery-App-Info.plist */,
				18E6BD3C2AC6D0F3008CFAAD /* Assets.xcassets */,
			);
			path = SupportingFiles;
			sourceTree = "<group>";
		};
		18E6BD402AC6D112008CFAAD /* Chip */ = {
			isa = PBXGroup;
			children = (
				18E6BD412AC6D112008CFAAD /* ChipModel.swift */,
			);
			path = Chip;
			sourceTree = "<group>";
		};
		18E6BD452AC6D2D4008CFAAD /* Categories */ = {
			isa = PBXGroup;
			children = (
				18E6BD462AC6D2D4008CFAAD /* CategoriesViewModel.swift */,
			);
			path = Categories;
			sourceTree = "<group>";
		};
		18E6BD472AC6D2D5008CFAAD /* Products */ = {
			isa = PBXGroup;
			children = (
				18E6BD482AC6D2D5008CFAAD /* CategoryDetailViewModel.swift */,
			);
			path = Products;
			sourceTree = "<group>";
		};
		18E6BD492AC6D2D5008CFAAD /* Login */ = {
			isa = PBXGroup;
			children = (
				18E6BD4A2AC6D2D5008CFAAD /* LoginViewModel.swift */,
			);
			path = Login;
			sourceTree = "<group>";
		};
/* End PBXGroup section */

/* Begin PBXNativeTarget section */
		18458FBE2AC15FB2000C28D8 /* Delivery App */ = {
			isa = PBXNativeTarget;
			buildConfigurationList = 18458FCD2AC15FB5000C28D8 /* Build configuration list for PBXNativeTarget "Delivery App" */;
			buildPhases = (
				18458FBB2AC15FB2000C28D8 /* Sources */,
				18458FBC2AC15FB2000C28D8 /* Frameworks */,
				18458FBD2AC15FB2000C28D8 /* Resources */,
			);
			buildRules = (
			);
			dependencies = (
			);
			name = "Delivery App";
			productName = "Delivery App";
			productReference = 18458FBF2AC15FB2000C28D8 /* Delivery App.app */;
			productType = "com.apple.product-type.application";
		};
/* End PBXNativeTarget section */

/* Begin PBXProject section */
		18458FB72AC15FB2000C28D8 /* Project object */ = {
			isa = PBXProject;
			attributes = {
				BuildIndependentTargetsInParallel = 1;
				LastSwiftUpdateCheck = 1430;
				LastUpgradeCheck = 1430;
				TargetAttributes = {
					18458FBE2AC15FB2000C28D8 = {
						CreatedOnToolsVersion = 14.3.1;
					};
				};
			};
			buildConfigurationList = 18458FBA2AC15FB2000C28D8 /* Build configuration list for PBXProject "Delivery App" */;
			compatibilityVersion = "Xcode 14.0";
			developmentRegion = en;
			hasScannedForEncodings = 0;
			knownRegions = (
				en,
				Base,
			);
			mainGroup = 18458FB62AC15FB2000C28D8;
			productRefGroup = 18458FC02AC15FB2000C28D8 /* Products */;
			projectDirPath = "";
			projectRoot = "";
			targets = (
				18458FBE2AC15FB2000C28D8 /* Delivery App */,
			);
		};
/* End PBXProject section */

/* Begin PBXResourcesBuildPhase section */
		18458FBD2AC15FB2000C28D8 /* Resources */ = {
			isa = PBXResourcesBuildPhase;
			buildActionMask = 2147483647;
			files = (
				18458FCA2AC15FB5000C28D8 /* Preview Assets.xcassets in Resources */,
				182CF4D62AC192A8005C8A66 /* SFPRODISPLAYREGULAR.OTF in Resources */,
				182CF4D72AC192AB005C8A66 /* SF-Pro-Text-Regular.otf in Resources */,
				18E6BD3E2AC6D0F3008CFAAD /* Assets.xcassets in Resources */,
			);
			runOnlyForDeploymentPostprocessing = 0;
		};
/* End PBXResourcesBuildPhase section */

/* Begin PBXSourcesBuildPhase section */
		18458FBB2AC15FB2000C28D8 /* Sources */ = {
			isa = PBXSourcesBuildPhase;
			buildActionMask = 2147483647;
			files = (
				18E6BD1C2AC585B1008CFAAD /* NetworkHelper.swift in Sources */,
				182CF4FB2AC2FCA5005C8A66 /* GridColumn.swift in Sources */,
				18E6BD1E2AC588B8008CFAAD /* Networking.swift in Sources */,
				182CF4DF2AC1A254005C8A66 /* ImageOnCircle.swift in Sources */,
				182CF4E72AC1A5E5005C8A66 /* MainView.swift in Sources */,
				18E6BD282AC5E0C7008CFAAD /* ProductList.swift in Sources */,
				18E6BD4B2AC6D2D5008CFAAD /* CategoriesViewModel.swift in Sources */,
				18E6BD0D2AC5746C008CFAAD /* LoginModel.swift in Sources */,
				18E6BD132AC576BA008CFAAD /* CategoriesDetailsModel.swift in Sources */,
				18E6BD4C2AC6D2D5008CFAAD /* CategoryDetailViewModel.swift in Sources */,
				182CF5062AC42A02005C8A66 /* ChipView.swift in Sources */,
				18E6BD222AC5B890008CFAAD /* GridView.swift in Sources */,
				182CF4CF2AC16744005C8A66 /* SplashScreen.swift in Sources */,
				188CDD762AC4517A00A05361 /* ImageSlider.swift in Sources */,
				18E6BD182AC584D9008CFAAD /* NetworkManager.swift in Sources */,
				182CF5052AC42A02005C8A66 /* ChipContainerView.swift in Sources */,
				18E6BD422AC6D113008CFAAD /* ChipModel.swift in Sources */,
				18E6BD4D2AC6D2D5008CFAAD /* LoginViewModel.swift in Sources */,
				182CF4E12AC1A44A005C8A66 /* CategoriesView.swift in Sources */,
				182CF4E32AC1A46C005C8A66 /* CheckoutView.swift in Sources */,
				182CF4E52AC1A484005C8A66 /* Payment.swift in Sources */,
				18E6BD442AC6D267008CFAAD /* NetworkImage.swift in Sources */,
				18E6BD362AC6D098008CFAAD /* AppConstant.swift in Sources */,
				182CF4F92AC2F603005C8A66 /* VegetablesView.swift in Sources */,
				18458FC32AC15FB2000C28D8 /* Delivery_AppApp.swift in Sources */,
				188CDD742AC4414C00A05361 /* ItemView.swift in Sources */,
				186D88032AC541310058A4A4 /* LoginView.swift in Sources */,
				18E6BD102AC574D9008CFAAD /* CategoriesModel.swift in Sources */,
				182CF4FD2AC3E32C005C8A66 /* GridCell.swift in Sources */,
				18E6BD3A2AC6D0CF008CFAAD /* Reachability.swift in Sources */,
				18E6BD242AC5C0D9008CFAAD /* ProductListCell.swift in Sources */,
			);
			runOnlyForDeploymentPostprocessing = 0;
		};
/* End PBXSourcesBuildPhase section */

/* Begin XCBuildConfiguration section */
		18458FCB2AC15FB5000C28D8 /* Debug */ = {
			isa = XCBuildConfiguration;
			buildSettings = {
				ALWAYS_SEARCH_USER_PATHS = NO;
				CLANG_ANALYZER_NONNULL = YES;
				CLANG_ANALYZER_NUMBER_OBJECT_CONVERSION = YES_AGGRESSIVE;
				CLANG_CXX_LANGUAGE_STANDARD = "gnu++20";
				CLANG_ENABLE_MODULES = YES;
				CLANG_ENABLE_OBJC_ARC = YES;
				CLANG_ENABLE_OBJC_WEAK = YES;
				CLANG_WARN_BLOCK_CAPTURE_AUTORELEASING = YES;
				CLANG_WARN_BOOL_CONVERSION = YES;
				CLANG_WARN_COMMA = YES;
				CLANG_WARN_CONSTANT_CONVERSION = YES;
				CLANG_WARN_DEPRECATED_OBJC_IMPLEMENTATIONS = YES;
				CLANG_WARN_DIRECT_OBJC_ISA_USAGE = YES_ERROR;
				CLANG_WARN_DOCUMENTATION_COMMENTS = YES;
				CLANG_WARN_EMPTY_BODY = YES;
				CLANG_WARN_ENUM_CONVERSION = YES;
				CLANG_WARN_INFINITE_RECURSION = YES;
				CLANG_WARN_INT_CONVERSION = YES;
				CLANG_WARN_NON_LITERAL_NULL_CONVERSION = YES;
				CLANG_WARN_OBJC_IMPLICIT_RETAIN_SELF = YES;
				CLANG_WARN_OBJC_LITERAL_CONVERSION = YES;
				CLANG_WARN_OBJC_ROOT_CLASS = YES_ERROR;
				CLANG_WARN_QUOTED_INCLUDE_IN_FRAMEWORK_HEADER = YES;
				CLANG_WARN_RANGE_LOOP_ANALYSIS = YES;
				CLANG_WARN_STRICT_PROTOTYPES = YES;
				CLANG_WARN_SUSPICIOUS_MOVE = YES;
				CLANG_WARN_UNGUARDED_AVAILABILITY = YES_AGGRESSIVE;
				CLANG_WARN_UNREACHABLE_CODE = YES;
				CLANG_WARN__DUPLICATE_METHOD_MATCH = YES;
				COPY_PHASE_STRIP = NO;
				DEBUG_INFORMATION_FORMAT = dwarf;
				ENABLE_STRICT_OBJC_MSGSEND = YES;
				ENABLE_TESTABILITY = YES;
				GCC_C_LANGUAGE_STANDARD = gnu11;
				GCC_DYNAMIC_NO_PIC = NO;
				GCC_NO_COMMON_BLOCKS = YES;
				GCC_OPTIMIZATION_LEVEL = 0;
				GCC_PREPROCESSOR_DEFINITIONS = (
					"DEBUG=1",
					"$(inherited)",
				);
				GCC_WARN_64_TO_32_BIT_CONVERSION = YES;
				GCC_WARN_ABOUT_RETURN_TYPE = YES_ERROR;
				GCC_WARN_UNDECLARED_SELECTOR = YES;
				GCC_WARN_UNINITIALIZED_AUTOS = YES_AGGRESSIVE;
				GCC_WARN_UNUSED_FUNCTION = YES;
				GCC_WARN_UNUSED_VARIABLE = YES;
				IPHONEOS_DEPLOYMENT_TARGET = 16.4;
				MTL_ENABLE_DEBUG_INFO = INCLUDE_SOURCE;
				MTL_FAST_MATH = YES;
				ONLY_ACTIVE_ARCH = YES;
				SDKROOT = iphoneos;
				SWIFT_ACTIVE_COMPILATION_CONDITIONS = DEBUG;
				SWIFT_OPTIMIZATION_LEVEL = "-Onone";
			};
			name = Debug;
		};
		18458FCC2AC15FB5000C28D8 /* Release */ = {
			isa = XCBuildConfiguration;
			buildSettings = {
				ALWAYS_SEARCH_USER_PATHS = NO;
				CLANG_ANALYZER_NONNULL = YES;
				CLANG_ANALYZER_NUMBER_OBJECT_CONVERSION = YES_AGGRESSIVE;
				CLANG_CXX_LANGUAGE_STANDARD = "gnu++20";
				CLANG_ENABLE_MODULES = YES;
				CLANG_ENABLE_OBJC_ARC = YES;
				CLANG_ENABLE_OBJC_WEAK = YES;
				CLANG_WARN_BLOCK_CAPTURE_AUTORELEASING = YES;
				CLANG_WARN_BOOL_CONVERSION = YES;
				CLANG_WARN_COMMA = YES;
				CLANG_WARN_CONSTANT_CONVERSION = YES;
				CLANG_WARN_DEPRECATED_OBJC_IMPLEMENTATIONS = YES;
				CLANG_WARN_DIRECT_OBJC_ISA_USAGE = YES_ERROR;
				CLANG_WARN_DOCUMENTATION_COMMENTS = YES;
				CLANG_WARN_EMPTY_BODY = YES;
				CLANG_WARN_ENUM_CONVERSION = YES;
				CLANG_WARN_INFINITE_RECURSION = YES;
				CLANG_WARN_INT_CONVERSION = YES;
				CLANG_WARN_NON_LITERAL_NULL_CONVERSION = YES;
				CLANG_WARN_OBJC_IMPLICIT_RETAIN_SELF = YES;
				CLANG_WARN_OBJC_LITERAL_CONVERSION = YES;
				CLANG_WARN_OBJC_ROOT_CLASS = YES_ERROR;
				CLANG_WARN_QUOTED_INCLUDE_IN_FRAMEWORK_HEADER = YES;
				CLANG_WARN_RANGE_LOOP_ANALYSIS = YES;
				CLANG_WARN_STRICT_PROTOTYPES = YES;
				CLANG_WARN_SUSPICIOUS_MOVE = YES;
				CLANG_WARN_UNGUARDED_AVAILABILITY = YES_AGGRESSIVE;
				CLANG_WARN_UNREACHABLE_CODE = YES;
				CLANG_WARN__DUPLICATE_METHOD_MATCH = YES;
				COPY_PHASE_STRIP = NO;
				DEBUG_INFORMATION_FORMAT = "dwarf-with-dsym";
				ENABLE_NS_ASSERTIONS = NO;
				ENABLE_STRICT_OBJC_MSGSEND = YES;
				GCC_C_LANGUAGE_STANDARD = gnu11;
				GCC_NO_COMMON_BLOCKS = YES;
				GCC_WARN_64_TO_32_BIT_CONVERSION = YES;
				GCC_WARN_ABOUT_RETURN_TYPE = YES_ERROR;
				GCC_WARN_UNDECLARED_SELECTOR = YES;
				GCC_WARN_UNINITIALIZED_AUTOS = YES_AGGRESSIVE;
				GCC_WARN_UNUSED_FUNCTION = YES;
				GCC_WARN_UNUSED_VARIABLE = YES;
				IPHONEOS_DEPLOYMENT_TARGET = 16.4;
				MTL_ENABLE_DEBUG_INFO = NO;
				MTL_FAST_MATH = YES;
				SDKROOT = iphoneos;
				SWIFT_COMPILATION_MODE = wholemodule;
				SWIFT_OPTIMIZATION_LEVEL = "-O";
				VALIDATE_PRODUCT = YES;
			};
			name = Release;
		};
		18458FCE2AC15FB5000C28D8 /* Debug */ = {
			isa = XCBuildConfiguration;
			buildSettings = {
				ASSETCATALOG_COMPILER_APPICON_NAME = AppIcon;
				ASSETCATALOG_COMPILER_GLOBAL_ACCENT_COLOR_NAME = AccentColor;
				CODE_SIGN_STYLE = Automatic;
				CURRENT_PROJECT_VERSION = 1;
				DEVELOPMENT_ASSET_PATHS = "\"Delivery App/Preview Content\"";
				DEVELOPMENT_TEAM = 49D45C7S43;
				ENABLE_PREVIEWS = YES;
				GENERATE_INFOPLIST_FILE = YES;
				INFOPLIST_FILE = "/Users/apple/Documents/Presidio App/Github/Delivery-App/Delivery App/Delivery App/SupportingFiles/Delivery-App-Info.plist";
				INFOPLIST_KEY_LSApplicationCategoryType = "";
				INFOPLIST_KEY_UIApplicationSceneManifest_Generation = YES;
				INFOPLIST_KEY_UIApplicationSupportsIndirectInputEvents = YES;
				INFOPLIST_KEY_UILaunchScreen_Generation = YES;
				INFOPLIST_KEY_UISupportedInterfaceOrientations_iPad = "UIInterfaceOrientationPortrait UIInterfaceOrientationPortraitUpsideDown UIInterfaceOrientationLandscapeLeft UIInterfaceOrientationLandscapeRight";
				INFOPLIST_KEY_UISupportedInterfaceOrientations_iPhone = "UIInterfaceOrientationPortrait UIInterfaceOrientationLandscapeLeft UIInterfaceOrientationLandscapeRight";
				LD_RUNPATH_SEARCH_PATHS = (
					"$(inherited)",
					"@executable_path/Frameworks",
				);
				MARKETING_VERSION = 1.0;
				PRODUCT_BUNDLE_IDENTIFIER = "com.presidio.Delivery-App";
				PRODUCT_NAME = "$(TARGET_NAME)";
				SWIFT_EMIT_LOC_STRINGS = YES;
				SWIFT_VERSION = 5.0;
				TARGETED_DEVICE_FAMILY = "1,2";
			};
			name = Debug;
		};
		18458FCF2AC15FB5000C28D8 /* Release */ = {
			isa = XCBuildConfiguration;
			buildSettings = {
				ASSETCATALOG_COMPILER_APPICON_NAME = AppIcon;
				ASSETCATALOG_COMPILER_GLOBAL_ACCENT_COLOR_NAME = AccentColor;
				CODE_SIGN_STYLE = Automatic;
				CURRENT_PROJECT_VERSION = 1;
				DEVELOPMENT_ASSET_PATHS = "\"Delivery App/Preview Content\"";
				DEVELOPMENT_TEAM = 49D45C7S43;
				ENABLE_PREVIEWS = YES;
				GENERATE_INFOPLIST_FILE = YES;
				INFOPLIST_FILE = "/Users/apple/Documents/Presidio App/Github/Delivery-App/Delivery App/Delivery App/SupportingFiles/Delivery-App-Info.plist";
				INFOPLIST_KEY_LSApplicationCategoryType = "";
				INFOPLIST_KEY_UIApplicationSceneManifest_Generation = YES;
				INFOPLIST_KEY_UIApplicationSupportsIndirectInputEvents = YES;
				INFOPLIST_KEY_UILaunchScreen_Generation = YES;
				INFOPLIST_KEY_UISupportedInterfaceOrientations_iPad = "UIInterfaceOrientationPortrait UIInterfaceOrientationPortraitUpsideDown UIInterfaceOrientationLandscapeLeft UIInterfaceOrientationLandscapeRight";
				INFOPLIST_KEY_UISupportedInterfaceOrientations_iPhone = "UIInterfaceOrientationPortrait UIInterfaceOrientationLandscapeLeft UIInterfaceOrientationLandscapeRight";
				LD_RUNPATH_SEARCH_PATHS = (
					"$(inherited)",
					"@executable_path/Frameworks",
				);
				MARKETING_VERSION = 1.0;
				PRODUCT_BUNDLE_IDENTIFIER = "com.presidio.Delivery-App";
				PRODUCT_NAME = "$(TARGET_NAME)";
				SWIFT_EMIT_LOC_STRINGS = YES;
				SWIFT_VERSION = 5.0;
				TARGETED_DEVICE_FAMILY = "1,2";
			};
			name = Release;
		};
/* End XCBuildConfiguration section */

/* Begin XCConfigurationList section */
		18458FBA2AC15FB2000C28D8 /* Build configuration list for PBXProject "Delivery App" */ = {
			isa = XCConfigurationList;
			buildConfigurations = (
				18458FCB2AC15FB5000C28D8 /* Debug */,
				18458FCC2AC15FB5000C28D8 /* Release */,
			);
			defaultConfigurationIsVisible = 0;
			defaultConfigurationName = Release;
		};
		18458FCD2AC15FB5000C28D8 /* Build configuration list for PBXNativeTarget "Delivery App" */ = {
			isa = XCConfigurationList;
			buildConfigurations = (
				18458FCE2AC15FB5000C28D8 /* Debug */,
				18458FCF2AC15FB5000C28D8 /* Release */,
			);
			defaultConfigurationIsVisible = 0;
			defaultConfigurationName = Release;
		};
/* End XCConfigurationList section */
	};
	rootObject = 18458FB72AC15FB2000C28D8 /* Project object */;
}
